// !$*UTF8*$!
{
	archiveVersion = 1;
	classes = {
	};
	objectVersion = 50;
	objects = {

/* Begin PBXBuildFile section */
		8A80863F2723FAB70002F3D6 /* AppDelegate.swift in Sources */ = {isa = PBXBuildFile; fileRef = 8A80863E2723FAB70002F3D6 /* AppDelegate.swift */; };
		8A8086412723FAB70002F3D6 /* SceneDelegate.swift in Sources */ = {isa = PBXBuildFile; fileRef = 8A8086402723FAB70002F3D6 /* SceneDelegate.swift */; };
		8A8086432723FAB70002F3D6 /* ViewController.swift in Sources */ = {isa = PBXBuildFile; fileRef = 8A8086422723FAB70002F3D6 /* ViewController.swift */; };
		8A8086462723FAB70002F3D6 /* Main.storyboard in Resources */ = {isa = PBXBuildFile; fileRef = 8A8086442723FAB70002F3D6 /* Main.storyboard */; };
		8A8086482723FAB80002F3D6 /* Assets.xcassets in Resources */ = {isa = PBXBuildFile; fileRef = 8A8086472723FAB80002F3D6 /* Assets.xcassets */; };
		8A80864B2723FAB80002F3D6 /* LaunchScreen.storyboard in Resources */ = {isa = PBXBuildFile; fileRef = 8A8086492723FAB80002F3D6 /* LaunchScreen.storyboard */; };
		8A8086562723FAB90002F3D6 /* SimpsonBookTests.swift in Sources */ = {isa = PBXBuildFile; fileRef = 8A8086552723FAB90002F3D6 /* SimpsonBookTests.swift */; };
		8A8086612723FAB90002F3D6 /* SimpsonBookUITests.swift in Sources */ = {isa = PBXBuildFile; fileRef = 8A8086602723FAB90002F3D6 /* SimpsonBookUITests.swift */; };
		8A80866F2723FB6C0002F3D6 /* DetailsViewController.swift in Sources */ = {isa = PBXBuildFile; fileRef = 8A80866E2723FB6C0002F3D6 /* DetailsViewController.swift */; };
		8A808671272401A90002F3D6 /* SimpsonClass.swift in Sources */ = {isa = PBXBuildFile; fileRef = 8A808670272401A90002F3D6 /* SimpsonClass.swift */; };
/* End PBXBuildFile section */

/* Begin PBXContainerItemProxy section */
		8A8086522723FAB90002F3D6 /* PBXContainerItemProxy */ = {
			isa = PBXContainerItemProxy;
			containerPortal = 8A8086332723FAB70002F3D6 /* Project object */;
			proxyType = 1;
			remoteGlobalIDString = 8A80863A2723FAB70002F3D6;
			remoteInfo = SimpsonBook;
		};
		8A80865D2723FAB90002F3D6 /* PBXContainerItemProxy */ = {
			isa = PBXContainerItemProxy;
			containerPortal = 8A8086332723FAB70002F3D6 /* Project object */;
			proxyType = 1;
			remoteGlobalIDString = 8A80863A2723FAB70002F3D6;
			remoteInfo = SimpsonBook;
		};
/* End PBXContainerItemProxy section */

/* Begin PBXFileReference section */
		8A80863B2723FAB70002F3D6 /* SimpsonBook.app */ = {isa = PBXFileReference; explicitFileType = wrapper.application; includeInIndex = 0; path = SimpsonBook.app; sourceTree = BUILT_PRODUCTS_DIR; };
		8A80863E2723FAB70002F3D6 /* AppDelegate.swift */ = {isa = PBXFileReference; lastKnownFileType = sourcecode.swift; path = AppDelegate.swift; sourceTree = "<group>"; };
		8A8086402723FAB70002F3D6 /* SceneDelegate.swift */ = {isa = PBXFileReference; lastKnownFileType = sourcecode.swift; path = SceneDelegate.swift; sourceTree = "<group>"; };
		8A8086422723FAB70002F3D6 /* ViewController.swift */ = {isa = PBXFileReference; lastKnownFileType = sourcecode.swift; path = ViewController.swift; sourceTree = "<group>"; };
		8A8086452723FAB70002F3D6 /* Base */ = {isa = PBXFileReference; lastKnownFileType = file.storyboard; name = Base; path = Base.lproj/Main.storyboard; sourceTree = "<group>"; };
		8A8086472723FAB80002F3D6 /* Assets.xcassets */ = {isa = PBXFileReference; lastKnownFileType = folder.assetcatalog; path = Assets.xcassets; sourceTree = "<group>"; };
		8A80864A2723FAB80002F3D6 /* Base */ = {isa = PBXFileReference; lastKnownFileType = file.storyboard; name = Base; path = Base.lproj/LaunchScreen.storyboard; sourceTree = "<group>"; };
		8A80864C2723FAB80002F3D6 /* Info.plist */ = {isa = PBXFileReference; lastKnownFileType = text.plist.xml; path = Info.plist; sourceTree = "<group>"; };
		8A8086512723FAB90002F3D6 /* SimpsonBookTests.xctest */ = {isa = PBXFileReference; explicitFileType = wrapper.cfbundle; includeInIndex = 0; path = SimpsonBookTests.xctest; sourceTree = BUILT_PRODUCTS_DIR; };
		8A8086552723FAB90002F3D6 /* SimpsonBookTests.swift */ = {isa = PBXFileReference; lastKnownFileType = sourcecode.swift; path = SimpsonBookTests.swift; sourceTree = "<group>"; };
		8A8086572723FAB90002F3D6 /* Info.plist */ = {isa = PBXFileReference; lastKnownFileType = text.plist.xml; path = Info.plist; sourceTree = "<group>"; };
		8A80865C2723FAB90002F3D6 /* SimpsonBookUITests.xctest */ = {isa = PBXFileReference; explicitFileType = wrapper.cfbundle; includeInIndex = 0; path = SimpsonBookUITests.xctest; sourceTree = BUILT_PRODUCTS_DIR; };
		8A8086602723FAB90002F3D6 /* SimpsonBookUITests.swift */ = {isa = PBXFileReference; lastKnownFileType = sourcecode.swift; path = SimpsonBookUITests.swift; sourceTree = "<group>"; };
		8A8086622723FAB90002F3D6 /* Info.plist */ = {isa = PBXFileReference; lastKnownFileType = text.plist.xml; path = Info.plist; sourceTree = "<group>"; };
		8A80866E2723FB6C0002F3D6 /* DetailsViewController.swift */ = {isa = PBXFileReference; lastKnownFileType = sourcecode.swift; path = DetailsViewController.swift; sourceTree = "<group>"; };
		8A808670272401A90002F3D6 /* SimpsonClass.swift */ = {isa = PBXFileReference; lastKnownFileType = sourcecode.swift; path = SimpsonClass.swift; sourceTree = "<group>"; };
/* End PBXFileReference section */

/* Begin PBXFrameworksBuildPhase section */
		8A8086382723FAB70002F3D6 /* Frameworks */ = {
			isa = PBXFrameworksBuildPhase;
			buildActionMask = 2147483647;
			files = (
			);
			runOnlyForDeploymentPostprocessing = 0;
		};
		8A80864E2723FAB90002F3D6 /* Frameworks */ = {
			isa = PBXFrameworksBuildPhase;
			buildActionMask = 2147483647;
			files = (
			);
			runOnlyForDeploymentPostprocessing = 0;
		};
		8A8086592723FAB90002F3D6 /* Frameworks */ = {
			isa = PBXFrameworksBuildPhase;
			buildActionMask = 2147483647;
			files = (
			);
			runOnlyForDeploymentPostprocessing = 0;
		};
/* End PBXFrameworksBuildPhase section */

/* Begin PBXGroup section */
		8A8086322723FAB70002F3D6 = {
			isa = PBXGroup;
			children = (
				8A80863D2723FAB70002F3D6 /* SimpsonBook */,
				8A8086542723FAB90002F3D6 /* SimpsonBookTests */,
				8A80865F2723FAB90002F3D6 /* SimpsonBookUITests */,
				8A80863C2723FAB70002F3D6 /* Products */,
			);
			sourceTree = "<group>";
		};
		8A80863C2723FAB70002F3D6 /* Products */ = {
			isa = PBXGroup;
			children = (
				8A80863B2723FAB70002F3D6 /* SimpsonBook.app */,
				8A8086512723FAB90002F3D6 /* SimpsonBookTests.xctest */,
				8A80865C2723FAB90002F3D6 /* SimpsonBookUITests.xctest */,
			);
			name = Products;
			sourceTree = "<group>";
		};
		8A80863D2723FAB70002F3D6 /* SimpsonBook */ = {
			isa = PBXGroup;
			children = (
				8A80863E2723FAB70002F3D6 /* AppDelegate.swift */,
				8A8086402723FAB70002F3D6 /* SceneDelegate.swift */,
				8A8086422723FAB70002F3D6 /* ViewController.swift */,
				8A80866E2723FB6C0002F3D6 /* DetailsViewController.swift */,
				8A808670272401A90002F3D6 /* SimpsonClass.swift */,
				8A8086442723FAB70002F3D6 /* Main.storyboard */,
				8A8086472723FAB80002F3D6 /* Assets.xcassets */,
				8A8086492723FAB80002F3D6 /* LaunchScreen.storyboard */,
				8A80864C2723FAB80002F3D6 /* Info.plist */,
			);
			path = SimpsonBook;
			sourceTree = "<group>";
		};
		8A8086542723FAB90002F3D6 /* SimpsonBookTests */ = {
			isa = PBXGroup;
			children = (
				8A8086552723FAB90002F3D6 /* SimpsonBookTests.swift */,
				8A8086572723FAB90002F3D6 /* Info.plist */,
			);
			path = SimpsonBookTests;
			sourceTree = "<group>";
		};
		8A80865F2723FAB90002F3D6 /* SimpsonBookUITests */ = {
			isa = PBXGroup;
			children = (
				8A8086602723FAB90002F3D6 /* SimpsonBookUITests.swift */,
				8A8086622723FAB90002F3D6 /* Info.plist */,
			);
			path = SimpsonBookUITests;
			sourceTree = "<group>";
		};
/* End PBXGroup section */

/* Begin PBXNativeTarget section */
		8A80863A2723FAB70002F3D6 /* SimpsonBook */ = {
			isa = PBXNativeTarget;
			buildConfigurationList = 8A8086652723FAB90002F3D6 /* Build configuration list for PBXNativeTarget "SimpsonBook" */;
			buildPhases = (
				8A8086372723FAB70002F3D6 /* Sources */,
				8A8086382723FAB70002F3D6 /* Frameworks */,
				8A8086392723FAB70002F3D6 /* Resources */,
			);
			buildRules = (
			);
			dependencies = (
			);
			name = SimpsonBook;
			productName = SimpsonBook;
			productReference = 8A80863B2723FAB70002F3D6 /* SimpsonBook.app */;
			productType = "com.apple.product-type.application";
		};
		8A8086502723FAB90002F3D6 /* SimpsonBookTests */ = {
			isa = PBXNativeTarget;
			buildConfigurationList = 8A8086682723FAB90002F3D6 /* Build configuration list for PBXNativeTarget "SimpsonBookTests" */;
			buildPhases = (
				8A80864D2723FAB90002F3D6 /* Sources */,
				8A80864E2723FAB90002F3D6 /* Frameworks */,
				8A80864F2723FAB90002F3D6 /* Resources */,
			);
			buildRules = (
			);
			dependencies = (
				8A8086532723FAB90002F3D6 /* PBXTargetDependency */,
			);
			name = SimpsonBookTests;
			productName = SimpsonBookTests;
			productReference = 8A8086512723FAB90002F3D6 /* SimpsonBookTests.xctest */;
			productType = "com.apple.product-type.bundle.unit-test";
		};
		8A80865B2723FAB90002F3D6 /* SimpsonBookUITests */ = {
			isa = PBXNativeTarget;
			buildConfigurationList = 8A80866B2723FAB90002F3D6 /* Build configuration list for PBXNativeTarget "SimpsonBookUITests" */;
			buildPhases = (
				8A8086582723FAB90002F3D6 /* Sources */,
				8A8086592723FAB90002F3D6 /* Frameworks */,
				8A80865A2723FAB90002F3D6 /* Resources */,
			);
			buildRules = (
			);
			dependencies = (
				8A80865E2723FAB90002F3D6 /* PBXTargetDependency */,
			);
			name = SimpsonBookUITests;
			productName = SimpsonBookUITests;
			productReference = 8A80865C2723FAB90002F3D6 /* SimpsonBookUITests.xctest */;
			productType = "com.apple.product-type.bundle.ui-testing";
		};
/* End PBXNativeTarget section */

/* Begin PBXProject section */
		8A8086332723FAB70002F3D6 /* Project object */ = {
			isa = PBXProject;
			attributes = {
				LastSwiftUpdateCheck = 1250;
				LastUpgradeCheck = 1250;
				TargetAttributes = {
					8A80863A2723FAB70002F3D6 = {
						CreatedOnToolsVersion = 12.5.1;
					};
					8A8086502723FAB90002F3D6 = {
						CreatedOnToolsVersion = 12.5.1;
						TestTargetID = 8A80863A2723FAB70002F3D6;
					};
					8A80865B2723FAB90002F3D6 = {
						CreatedOnToolsVersion = 12.5.1;
						TestTargetID = 8A80863A2723FAB70002F3D6;
					};
				};
			};
			buildConfigurationList = 8A8086362723FAB70002F3D6 /* Build configuration list for PBXProject "SimpsonBook" */;
			compatibilityVersion = "Xcode 9.3";
			developmentRegion = en;
			hasScannedForEncodings = 0;
			knownRegions = (
				en,
				Base,
			);
			mainGroup = 8A8086322723FAB70002F3D6;
			productRefGroup = 8A80863C2723FAB70002F3D6 /* Products */;
			projectDirPath = "";
			projectRoot = "";
			targets = (
				8A80863A2723FAB70002F3D6 /* SimpsonBook */,
				8A8086502723FAB90002F3D6 /* SimpsonBookTests */,
				8A80865B2723FAB90002F3D6 /* SimpsonBookUITests */,
			);
		};
/* End PBXProject section */

/* Begin PBXResourcesBuildPhase section */
		8A8086392723FAB70002F3D6 /* Resources */ = {
			isa = PBXResourcesBuildPhase;
			buildActionMask = 2147483647;
			files = (
				8A80864B2723FAB80002F3D6 /* LaunchScreen.storyboard in Resources */,
				8A8086482723FAB80002F3D6 /* Assets.xcassets in Resources */,
				8A8086462723FAB70002F3D6 /* Main.storyboard in Resources */,
			);
			runOnlyForDeploymentPostprocessing = 0;
		};
		8A80864F2723FAB90002F3D6 /* Resources */ = {
			isa = PBXResourcesBuildPhase;
			buildActionMask = 2147483647;
			files = (
			);
			runOnlyForDeploymentPostprocessing = 0;
		};
		8A80865A2723FAB90002F3D6 /* Resources */ = {
			isa = PBXResourcesBuildPhase;
			buildActionMask = 2147483647;
			files = (
			);
			runOnlyForDeploymentPostprocessing = 0;
		};
/* End PBXResourcesBuildPhase section */

/* Begin PBXSourcesBuildPhase section */
		8A8086372723FAB70002F3D6 /* Sources */ = {
			isa = PBXSourcesBuildPhase;
			buildActionMask = 2147483647;
			files = (
				8A808671272401A90002F3D6 /* SimpsonClass.swift in Sources */,
				8A8086432723FAB70002F3D6 /* ViewController.swift in Sources */,
				8A80863F2723FAB70002F3D6 /* AppDelegate.swift in Sources */,
				8A8086412723FAB70002F3D6 /* SceneDelegate.swift in Sources */,
				8A80866F2723FB6C0002F3D6 /* DetailsViewController.swift in Sources */,
			);
			runOnlyForDeploymentPostprocessing = 0;
		};
		8A80864D2723FAB90002F3D6 /* Sources */ = {
			isa = PBXSourcesBuildPhase;
			buildActionMask = 2147483647;
			files = (
				8A8086562723FAB90002F3D6 /* SimpsonBookTests.swift in Sources */,
			);
			runOnlyForDeploymentPostprocessing = 0;
		};
		8A8086582723FAB90002F3D6 /* Sources */ = {
			isa = PBXSourcesBuildPhase;
			buildActionMask = 2147483647;
			files = (
				8A8086612723FAB90002F3D6 /* SimpsonBookUITests.swift in Sources */,
			);
			runOnlyForDeploymentPostprocessing = 0;
		};
/* End PBXSourcesBuildPhase section */

/* Begin PBXTargetDependency section */
		8A8086532723FAB90002F3D6 /* PBXTargetDependency */ = {
			isa = PBXTargetDependency;
			target = 8A80863A2723FAB70002F3D6 /* SimpsonBook */;
			targetProxy = 8A8086522723FAB90002F3D6 /* PBXContainerItemProxy */;
		};
		8A80865E2723FAB90002F3D6 /* PBXTargetDependency */ = {
			isa = PBXTargetDependency;
			target = 8A80863A2723FAB70002F3D6 /* SimpsonBook */;
			targetProxy = 8A80865D2723FAB90002F3D6 /* PBXContainerItemProxy */;
		};
/* End PBXTargetDependency section */

/* Begin PBXVariantGroup section */
		8A8086442723FAB70002F3D6 /* Main.storyboard */ = {
			isa = PBXVariantGroup;
			children = (
				8A8086452723FAB70002F3D6 /* Base */,
			);
			name = Main.storyboard;
			sourceTree = "<group>";
		};
		8A8086492723FAB80002F3D6 /* LaunchScreen.storyboard */ = {
			isa = PBXVariantGroup;
			children = (
				8A80864A2723FAB80002F3D6 /* Base */,
			);
			name = LaunchScreen.storyboard;
			sourceTree = "<group>";
		};
/* End PBXVariantGroup section */

/* Begin XCBuildConfiguration section */
		8A8086632723FAB90002F3D6 /* Debug */ = {
			isa = XCBuildConfiguration;
			buildSettings = {
				ALWAYS_SEARCH_USER_PATHS = NO;
				CLANG_ANALYZER_NONNULL = YES;
				CLANG_ANALYZER_NUMBER_OBJECT_CONVERSION = YES_AGGRESSIVE;
				CLANG_CXX_LANGUAGE_STANDARD = "gnu++14";
				CLANG_CXX_LIBRARY = "libc++";
				CLANG_ENABLE_MODULES = YES;
				CLANG_ENABLE_OBJC_ARC = YES;
				CLANG_ENABLE_OBJC_WEAK = YES;
				CLANG_WARN_BLOCK_CAPTURE_AUTORELEASING = YES;
				CLANG_WARN_BOOL_CONVERSION = YES;
				CLANG_WARN_COMMA = YES;
				CLANG_WARN_CONSTANT_CONVERSION = YES;
				CLANG_WARN_DEPRECATED_OBJC_IMPLEMENTATIONS = YES;
				CLANG_WARN_DIRECT_OBJC_ISA_USAGE = YES_ERROR;
				CLANG_WARN_DOCUMENTATION_COMMENTS = YES;
				CLANG_WARN_EMPTY_BODY = YES;
				CLANG_WARN_ENUM_CONVERSION = YES;
				CLANG_WARN_INFINITE_RECURSION = YES;
				CLANG_WARN_INT_CONVERSION = YES;
				CLANG_WARN_NON_LITERAL_NULL_CONVERSION = YES;
				CLANG_WARN_OBJC_IMPLICIT_RETAIN_SELF = YES;
				CLANG_WARN_OBJC_LITERAL_CONVERSION = YES;
				CLANG_WARN_OBJC_ROOT_CLASS = YES_ERROR;
				CLANG_WARN_QUOTED_INCLUDE_IN_FRAMEWORK_HEADER = YES;
				CLANG_WARN_RANGE_LOOP_ANALYSIS = YES;
				CLANG_WARN_STRICT_PROTOTYPES = YES;
				CLANG_WARN_SUSPICIOUS_MOVE = YES;
				CLANG_WARN_UNGUARDED_AVAILABILITY = YES_AGGRESSIVE;
				CLANG_WARN_UNREACHABLE_CODE = YES;
				CLANG_WARN__DUPLICATE_METHOD_MATCH = YES;
				COPY_PHASE_STRIP = NO;
				DEBUG_INFORMATION_FORMAT = dwarf;
				ENABLE_STRICT_OBJC_MSGSEND = YES;
				ENABLE_TESTABILITY = YES;
				GCC_C_LANGUAGE_STANDARD = gnu11;
				GCC_DYNAMIC_NO_PIC = NO;
				GCC_NO_COMMON_BLOCKS = YES;
				GCC_OPTIMIZATION_LEVEL = 0;
				GCC_PREPROCESSOR_DEFINITIONS = (
					"DEBUG=1",
					"$(inherited)",
				);
				GCC_WARN_64_TO_32_BIT_CONVERSION = YES;
				GCC_WARN_ABOUT_RETURN_TYPE = YES_ERROR;
				GCC_WARN_UNDECLARED_SELECTOR = YES;
				GCC_WARN_UNINITIALIZED_AUTOS = YES_AGGRESSIVE;
				GCC_WARN_UNUSED_FUNCTION = YES;
				GCC_WARN_UNUSED_VARIABLE = YES;
				IPHONEOS_DEPLOYMENT_TARGET = 14.5;
				MTL_ENABLE_DEBUG_INFO = INCLUDE_SOURCE;
				MTL_FAST_MATH = YES;
				ONLY_ACTIVE_ARCH = YES;
				SDKROOT = iphoneos;
				SWIFT_ACTIVE_COMPILATION_CONDITIONS = DEBUG;
				SWIFT_OPTIMIZATION_LEVEL = "-Onone";
			};
			name = Debug;
		};
		8A8086642723FAB90002F3D6 /* Release */ = {
			isa = XCBuildConfiguration;
			buildSettings = {
				ALWAYS_SEARCH_USER_PATHS = NO;
				CLANG_ANALYZER_NONNULL = YES;
				CLANG_ANALYZER_NUMBER_OBJECT_CONVERSION = YES_AGGRESSIVE;
				CLANG_CXX_LANGUAGE_STANDARD = "gnu++14";
				CLANG_CXX_LIBRARY = "libc++";
				CLANG_ENABLE_MODULES = YES;
				CLANG_ENABLE_OBJC_ARC = YES;
				CLANG_ENABLE_OBJC_WEAK = YES;
				CLANG_WARN_BLOCK_CAPTURE_AUTORELEASING = YES;
				CLANG_WARN_BOOL_CONVERSION = YES;
				CLANG_WARN_COMMA = YES;
				CLANG_WARN_CONSTANT_CONVERSION = YES;
				CLANG_WARN_DEPRECATED_OBJC_IMPLEMENTATIONS = YES;
				CLANG_WARN_DIRECT_OBJC_ISA_USAGE = YES_ERROR;
				CLANG_WARN_DOCUMENTATION_COMMENTS = YES;
				CLANG_WARN_EMPTY_BODY = YES;
				CLANG_WARN_ENUM_CONVERSION = YES;
				CLANG_WARN_INFINITE_RECURSION = YES;
				CLANG_WARN_INT_CONVERSION = YES;
				CLANG_WARN_NON_LITERAL_NULL_CONVERSION = YES;
				CLANG_WARN_OBJC_IMPLICIT_RETAIN_SELF = YES;
				CLANG_WARN_OBJC_LITERAL_CONVERSION = YES;
				CLANG_WARN_OBJC_ROOT_CLASS = YES_ERROR;
				CLANG_WARN_QUOTED_INCLUDE_IN_FRAMEWORK_HEADER = YES;
				CLANG_WARN_RANGE_LOOP_ANALYSIS = YES;
				CLANG_WARN_STRICT_PROTOTYPES = YES;
				CLANG_WARN_SUSPICIOUS_MOVE = YES;
				CLANG_WARN_UNGUARDED_AVAILABILITY = YES_AGGRESSIVE;
				CLANG_WARN_UNREACHABLE_CODE = YES;
				CLANG_WARN__DUPLICATE_METHOD_MATCH = YES;
				COPY_PHASE_STRIP = NO;
				DEBUG_INFORMATION_FORMAT = "dwarf-with-dsym";
				ENABLE_NS_ASSERTIONS = NO;
				ENABLE_STRICT_OBJC_MSGSEND = YES;
				GCC_C_LANGUAGE_STANDARD = gnu11;
				GCC_NO_COMMON_BLOCKS = YES;
				GCC_WARN_64_TO_32_BIT_CONVERSION = YES;
				GCC_WARN_ABOUT_RETURN_TYPE = YES_ERROR;
				GCC_WARN_UNDECLARED_SELECTOR = YES;
				GCC_WARN_UNINITIALIZED_AUTOS = YES_AGGRESSIVE;
				GCC_WARN_UNUSED_FUNCTION = YES;
				GCC_WARN_UNUSED_VARIABLE = YES;
				IPHONEOS_DEPLOYMENT_TARGET = 14.5;
				MTL_ENABLE_DEBUG_INFO = NO;
				MTL_FAST_MATH = YES;
				SDKROOT = iphoneos;
				SWIFT_COMPILATION_MODE = wholemodule;
				SWIFT_OPTIMIZATION_LEVEL = "-O";
				VALIDATE_PRODUCT = YES;
			};
			name = Release;
		};
		8A8086662723FAB90002F3D6 /* Debug */ = {
			isa = XCBuildConfiguration;
			buildSettings = {
				ASSETCATALOG_COMPILER_APPICON_NAME = AppIcon;
				ASSETCATALOG_COMPILER_GLOBAL_ACCENT_COLOR_NAME = AccentColor;
				CODE_SIGN_STYLE = Automatic;
				INFOPLIST_FILE = SimpsonBook/Info.plist;
				LD_RUNPATH_SEARCH_PATHS = (
					"$(inherited)",
					"@executable_path/Frameworks",
				);
				PRODUCT_BUNDLE_IDENTIFIER = com.ersancetin.SimpsonBook;
				PRODUCT_NAME = "$(TARGET_NAME)";
				SWIFT_VERSION = 5.0;
				TARGETED_DEVICE_FAMILY = "1,2";
			};
			name = Debug;
		};
		8A8086672723FAB90002F3D6 /* Release */ = {
			isa = XCBuildConfiguration;
			buildSettings = {
				ASSETCATALOG_COMPILER_APPICON_NAME = AppIcon;
				ASSETCATALOG_COMPILER_GLOBAL_ACCENT_COLOR_NAME = AccentColor;
				CODE_SIGN_STYLE = Automatic;
				INFOPLIST_FILE = SimpsonBook/Info.plist;
				LD_RUNPATH_SEARCH_PATHS = (
					"$(inherited)",
					"@executable_path/Frameworks",
				);
				PRODUCT_BUNDLE_IDENTIFIER = com.ersancetin.SimpsonBook;
				PRODUCT_NAME = "$(TARGET_NAME)";
				SWIFT_VERSION = 5.0;
				TARGETED_DEVICE_FAMILY = "1,2";
			};
			name = Release;
		};
		8A8086692723FAB90002F3D6 /* Debug */ = {
			isa = XCBuildConfiguration;
			buildSettings = {
				ALWAYS_EMBED_SWIFT_STANDARD_LIBRARIES = YES;
				BUNDLE_LOADER = "$(TEST_HOST)";
				CODE_SIGN_STYLE = Automatic;
				INFOPLIST_FILE = SimpsonBookTests/Info.plist;
				IPHONEOS_DEPLOYMENT_TARGET = 14.5;
				LD_RUNPATH_SEARCH_PATHS = (
					"$(inherited)",
					"@executable_path/Frameworks",
					"@loader_path/Frameworks",
				);
				PRODUCT_BUNDLE_IDENTIFIER = com.ersancetin.SimpsonBookTests;
				PRODUCT_NAME = "$(TARGET_NAME)";
				SWIFT_VERSION = 5.0;
				TARGETED_DEVICE_FAMILY = "1,2";
				TEST_HOST = "$(BUILT_PRODUCTS_DIR)/SimpsonBook.app/SimpsonBook";
			};
			name = Debug;
		};
		8A80866A2723FAB90002F3D6 /* Release */ = {
			isa = XCBuildConfiguration;
			buildSettings = {
				ALWAYS_EMBED_SWIFT_STANDARD_LIBRARIES = YES;
				BUNDLE_LOADER = "$(TEST_HOST)";
				CODE_SIGN_STYLE = Automatic;
				INFOPLIST_FILE = SimpsonBookTests/Info.plist;
				IPHONEOS_DEPLOYMENT_TARGET = 14.5;
				LD_RUNPATH_SEARCH_PATHS = (
					"$(inherited)",
					"@executable_path/Frameworks",
					"@loader_path/Frameworks",
				);
				PRODUCT_BUNDLE_IDENTIFIER = com.ersancetin.SimpsonBookTests;
				PRODUCT_NAME = "$(TARGET_NAME)";
				SWIFT_VERSION = 5.0;
				TARGETED_DEVICE_FAMILY = "1,2";
				TEST_HOST = "$(BUILT_PRODUCTS_DIR)/SimpsonBook.app/SimpsonBook";
			};
			name = Release;
		};
		8A80866C2723FAB90002F3D6 /* Debug */ = {
			isa = XCBuildConfiguration;
			buildSettings = {
				ALWAYS_EMBED_SWIFT_STANDARD_LIBRARIES = YES;
				CODE_SIGN_STYLE = Automatic;
				INFOPLIST_FILE = SimpsonBookUITests/Info.plist;
				LD_RUNPATH_SEARCH_PATHS = (
					"$(inherited)",
					"@executable_path/Frameworks",
					"@loader_path/Frameworks",
				);
				PRODUCT_BUNDLE_IDENTIFIER = com.ersancetin.SimpsonBookUITests;
				PRODUCT_NAME = "$(TARGET_NAME)";
				SWIFT_VERSION = 5.0;
				TARGETED_DEVICE_FAMILY = "1,2";
				TEST_TARGET_NAME = SimpsonBook;
			};
			name = Debug;
		};
		8A80866D2723FAB90002F3D6 /* Release */ = {
			isa = XCBuildConfiguration;
			buildSettings = {
				ALWAYS_EMBED_SWIFT_STANDARD_LIBRARIES = YES;
				CODE_SIGN_STYLE = Automatic;
				INFOPLIST_FILE = SimpsonBookUITests/Info.plist;
				LD_RUNPATH_SEARCH_PATHS = (
					"$(inherited)",
					"@executable_path/Frameworks",
					"@loader_path/Frameworks",
				);
				PRODUCT_BUNDLE_IDENTIFIER = com.ersancetin.SimpsonBookUITests;
				PRODUCT_NAME = "$(TARGET_NAME)";
				SWIFT_VERSION = 5.0;
				TARGETED_DEVICE_FAMILY = "1,2";
				TEST_TARGET_NAME = SimpsonBook;
			};
			name = Release;
		};
/* End XCBuildConfiguration section */

/* Begin XCConfigurationList section */
		8A8086362723FAB70002F3D6 /* Build configuration list for PBXProject "SimpsonBook" */ = {
			isa = XCConfigurationList;
			buildConfigurations = (
				8A8086632723FAB90002F3D6 /* Debug */,
				8A8086642723FAB90002F3D6 /* Release */,
			);
			defaultConfigurationIsVisible = 0;
			defaultConfigurationName = Release;
		};
		8A8086652723FAB90002F3D6 /* Build configuration list for PBXNativeTarget "SimpsonBook" */ = {
			isa = XCConfigurationList;
			buildConfigurations = (
				8A8086662723FAB90002F3D6 /* Debug */,
				8A8086672723FAB90002F3D6 /* Release */,
			);
			defaultConfigurationIsVisible = 0;
			defaultConfigurationName = Release;
		};
		8A8086682723FAB90002F3D6 /* Build configuration list for PBXNativeTarget "SimpsonBookTests" */ = {
			isa = XCConfigurationList;
			buildConfigurations = (
				8A8086692723FAB90002F3D6 /* Debug */,
				8A80866A2723FAB90002F3D6 /* Release */,
			);
			defaultConfigurationIsVisible = 0;
			defaultConfigurationName = Release;
		};
		8A80866B2723FAB90002F3D6 /* Build configuration list for PBXNativeTarget "SimpsonBookUITests" */ = {
			isa = XCConfigurationList;
			buildConfigurations = (
				8A80866C2723FAB90002F3D6 /* Debug */,
				8A80866D2723FAB90002F3D6 /* Release */,
			);
			defaultConfigurationIsVisible = 0;
			defaultConfigurationName = Release;
		};
/* End XCConfigurationList section */
	};
	rootObject = 8A8086332723FAB70002F3D6 /* Project object */;
}
