// !$*UTF8*$!
{
	archiveVersion = 1;
	classes = {
	};
	objectVersion = 50;
	objects = {

/* Begin PBXBuildFile section */
		8A75EF43271B37E7008859AB /* AppDelegate.swift in Sources */ = {isa = PBXBuildFile; fileRef = 8A75EF42271B37E7008859AB /* AppDelegate.swift */; };
		8A75EF45271B37E7008859AB /* SceneDelegate.swift in Sources */ = {isa = PBXBuildFile; fileRef = 8A75EF44271B37E7008859AB /* SceneDelegate.swift */; };
		8A75EF47271B37E7008859AB /* ViewController.swift in Sources */ = {isa = PBXBuildFile; fileRef = 8A75EF46271B37E7008859AB /* ViewController.swift */; };
		8A75EF4A271B37E7008859AB /* Main.storyboard in Resources */ = {isa = PBXBuildFile; fileRef = 8A75EF48271B37E7008859AB /* Main.storyboard */; };
		8A75EF4C271B37E8008859AB /* Assets.xcassets in Resources */ = {isa = PBXBuildFile; fileRef = 8A75EF4B271B37E8008859AB /* Assets.xcassets */; };
		8A75EF4F271B37E8008859AB /* LaunchScreen.storyboard in Resources */ = {isa = PBXBuildFile; fileRef = 8A75EF4D271B37E8008859AB /* LaunchScreen.storyboard */; };
		8A75EF5A271B37E8008859AB /* MyFirstAppTests.swift in Sources */ = {isa = PBXBuildFile; fileRef = 8A75EF59271B37E8008859AB /* MyFirstAppTests.swift */; };
		8A75EF65271B37E8008859AB /* MyFirstAppUITests.swift in Sources */ = {isa = PBXBuildFile; fileRef = 8A75EF64271B37E8008859AB /* MyFirstAppUITests.swift */; };
/* End PBXBuildFile section */

/* Begin PBXContainerItemProxy section */
		8A75EF56271B37E8008859AB /* PBXContainerItemProxy */ = {
			isa = PBXContainerItemProxy;
			containerPortal = 8A75EF37271B37E6008859AB /* Project object */;
			proxyType = 1;
			remoteGlobalIDString = 8A75EF3E271B37E7008859AB;
			remoteInfo = MyFirstApp;
		};
		8A75EF61271B37E8008859AB /* PBXContainerItemProxy */ = {
			isa = PBXContainerItemProxy;
			containerPortal = 8A75EF37271B37E6008859AB /* Project object */;
			proxyType = 1;
			remoteGlobalIDString = 8A75EF3E271B37E7008859AB;
			remoteInfo = MyFirstApp;
		};
/* End PBXContainerItemProxy section */

/* Begin PBXFileReference section */
		8A75EF3F271B37E7008859AB /* MyFirstApp.app */ = {isa = PBXFileReference; explicitFileType = wrapper.application; includeInIndex = 0; path = MyFirstApp.app; sourceTree = BUILT_PRODUCTS_DIR; };
		8A75EF42271B37E7008859AB /* AppDelegate.swift */ = {isa = PBXFileReference; lastKnownFileType = sourcecode.swift; path = AppDelegate.swift; sourceTree = "<group>"; };
		8A75EF44271B37E7008859AB /* SceneDelegate.swift */ = {isa = PBXFileReference; lastKnownFileType = sourcecode.swift; path = SceneDelegate.swift; sourceTree = "<group>"; };
		8A75EF46271B37E7008859AB /* ViewController.swift */ = {isa = PBXFileReference; lastKnownFileType = sourcecode.swift; path = ViewController.swift; sourceTree = "<group>"; };
		8A75EF49271B37E7008859AB /* Base */ = {isa = PBXFileReference; lastKnownFileType = file.storyboard; name = Base; path = Base.lproj/Main.storyboard; sourceTree = "<group>"; };
		8A75EF4B271B37E8008859AB /* Assets.xcassets */ = {isa = PBXFileReference; lastKnownFileType = folder.assetcatalog; path = Assets.xcassets; sourceTree = "<group>"; };
		8A75EF4E271B37E8008859AB /* Base */ = {isa = PBXFileReference; lastKnownFileType = file.storyboard; name = Base; path = Base.lproj/LaunchScreen.storyboard; sourceTree = "<group>"; };
		8A75EF50271B37E8008859AB /* Info.plist */ = {isa = PBXFileReference; lastKnownFileType = text.plist.xml; path = Info.plist; sourceTree = "<group>"; };
		8A75EF55271B37E8008859AB /* MyFirstAppTests.xctest */ = {isa = PBXFileReference; explicitFileType = wrapper.cfbundle; includeInIndex = 0; path = MyFirstAppTests.xctest; sourceTree = BUILT_PRODUCTS_DIR; };
		8A75EF59271B37E8008859AB /* MyFirstAppTests.swift */ = {isa = PBXFileReference; lastKnownFileType = sourcecode.swift; path = MyFirstAppTests.swift; sourceTree = "<group>"; };
		8A75EF5B271B37E8008859AB /* Info.plist */ = {isa = PBXFileReference; lastKnownFileType = text.plist.xml; path = Info.plist; sourceTree = "<group>"; };
		8A75EF60271B37E8008859AB /* MyFirstAppUITests.xctest */ = {isa = PBXFileReference; explicitFileType = wrapper.cfbundle; includeInIndex = 0; path = MyFirstAppUITests.xctest; sourceTree = BUILT_PRODUCTS_DIR; };
		8A75EF64271B37E8008859AB /* MyFirstAppUITests.swift */ = {isa = PBXFileReference; lastKnownFileType = sourcecode.swift; path = MyFirstAppUITests.swift; sourceTree = "<group>"; };
		8A75EF66271B37E8008859AB /* Info.plist */ = {isa = PBXFileReference; lastKnownFileType = text.plist.xml; path = Info.plist; sourceTree = "<group>"; };
/* End PBXFileReference section */

/* Begin PBXFrameworksBuildPhase section */
		8A75EF3C271B37E7008859AB /* Frameworks */ = {
			isa = PBXFrameworksBuildPhase;
			buildActionMask = 2147483647;
			files = (
			);
			runOnlyForDeploymentPostprocessing = 0;
		};
		8A75EF52271B37E8008859AB /* Frameworks */ = {
			isa = PBXFrameworksBuildPhase;
			buildActionMask = 2147483647;
			files = (
			);
			runOnlyForDeploymentPostprocessing = 0;
		};
		8A75EF5D271B37E8008859AB /* Frameworks */ = {
			isa = PBXFrameworksBuildPhase;
			buildActionMask = 2147483647;
			files = (
			);
			runOnlyForDeploymentPostprocessing = 0;
		};
/* End PBXFrameworksBuildPhase section */

/* Begin PBXGroup section */
		8A75EF36271B37E6008859AB = {
			isa = PBXGroup;
			children = (
				8A75EF41271B37E7008859AB /* MyFirstApp */,
				8A75EF58271B37E8008859AB /* MyFirstAppTests */,
				8A75EF63271B37E8008859AB /* MyFirstAppUITests */,
				8A75EF40271B37E7008859AB /* Products */,
			);
			sourceTree = "<group>";
		};
		8A75EF40271B37E7008859AB /* Products */ = {
			isa = PBXGroup;
			children = (
				8A75EF3F271B37E7008859AB /* MyFirstApp.app */,
				8A75EF55271B37E8008859AB /* MyFirstAppTests.xctest */,
				8A75EF60271B37E8008859AB /* MyFirstAppUITests.xctest */,
			);
			name = Products;
			sourceTree = "<group>";
		};
		8A75EF41271B37E7008859AB /* MyFirstApp */ = {
			isa = PBXGroup;
			children = (
				8A75EF42271B37E7008859AB /* AppDelegate.swift */,
				8A75EF44271B37E7008859AB /* SceneDelegate.swift */,
				8A75EF46271B37E7008859AB /* ViewController.swift */,
				8A75EF48271B37E7008859AB /* Main.storyboard */,
				8A75EF4B271B37E8008859AB /* Assets.xcassets */,
				8A75EF4D271B37E8008859AB /* LaunchScreen.storyboard */,
				8A75EF50271B37E8008859AB /* Info.plist */,
			);
			path = MyFirstApp;
			sourceTree = "<group>";
		};
		8A75EF58271B37E8008859AB /* MyFirstAppTests */ = {
			isa = PBXGroup;
			children = (
				8A75EF59271B37E8008859AB /* MyFirstAppTests.swift */,
				8A75EF5B271B37E8008859AB /* Info.plist */,
			);
			path = MyFirstAppTests;
			sourceTree = "<group>";
		};
		8A75EF63271B37E8008859AB /* MyFirstAppUITests */ = {
			isa = PBXGroup;
			children = (
				8A75EF64271B37E8008859AB /* MyFirstAppUITests.swift */,
				8A75EF66271B37E8008859AB /* Info.plist */,
			);
			path = MyFirstAppUITests;
			sourceTree = "<group>";
		};
/* End PBXGroup section */

/* Begin PBXNativeTarget section */
		8A75EF3E271B37E7008859AB /* MyFirstApp */ = {
			isa = PBXNativeTarget;
			buildConfigurationList = 8A75EF69271B37E8008859AB /* Build configuration list for PBXNativeTarget "MyFirstApp" */;
			buildPhases = (
				8A75EF3B271B37E7008859AB /* Sources */,
				8A75EF3C271B37E7008859AB /* Frameworks */,
				8A75EF3D271B37E7008859AB /* Resources */,
			);
			buildRules = (
			);
			dependencies = (
			);
			name = MyFirstApp;
			productName = MyFirstApp;
			productReference = 8A75EF3F271B37E7008859AB /* MyFirstApp.app */;
			productType = "com.apple.product-type.application";
		};
		8A75EF54271B37E8008859AB /* MyFirstAppTests */ = {
			isa = PBXNativeTarget;
			buildConfigurationList = 8A75EF6C271B37E8008859AB /* Build configuration list for PBXNativeTarget "MyFirstAppTests" */;
			buildPhases = (
				8A75EF51271B37E8008859AB /* Sources */,
				8A75EF52271B37E8008859AB /* Frameworks */,
				8A75EF53271B37E8008859AB /* Resources */,
			);
			buildRules = (
			);
			dependencies = (
				8A75EF57271B37E8008859AB /* PBXTargetDependency */,
			);
			name = MyFirstAppTests;
			productName = MyFirstAppTests;
			productReference = 8A75EF55271B37E8008859AB /* MyFirstAppTests.xctest */;
			productType = "com.apple.product-type.bundle.unit-test";
		};
		8A75EF5F271B37E8008859AB /* MyFirstAppUITests */ = {
			isa = PBXNativeTarget;
			buildConfigurationList = 8A75EF6F271B37E8008859AB /* Build configuration list for PBXNativeTarget "MyFirstAppUITests" */;
			buildPhases = (
				8A75EF5C271B37E8008859AB /* Sources */,
				8A75EF5D271B37E8008859AB /* Frameworks */,
				8A75EF5E271B37E8008859AB /* Resources */,
			);
			buildRules = (
			);
			dependencies = (
				8A75EF62271B37E8008859AB /* PBXTargetDependency */,
			);
			name = MyFirstAppUITests;
			productName = MyFirstAppUITests;
			productReference = 8A75EF60271B37E8008859AB /* MyFirstAppUITests.xctest */;
			productType = "com.apple.product-type.bundle.ui-testing";
		};
/* End PBXNativeTarget section */

/* Begin PBXProject section */
		8A75EF37271B37E6008859AB /* Project object */ = {
			isa = PBXProject;
			attributes = {
				LastSwiftUpdateCheck = 1250;
				LastUpgradeCheck = 1250;
				TargetAttributes = {
					8A75EF3E271B37E7008859AB = {
						CreatedOnToolsVersion = 12.5.1;
					};
					8A75EF54271B37E8008859AB = {
						CreatedOnToolsVersion = 12.5.1;
						TestTargetID = 8A75EF3E271B37E7008859AB;
					};
					8A75EF5F271B37E8008859AB = {
						CreatedOnToolsVersion = 12.5.1;
						TestTargetID = 8A75EF3E271B37E7008859AB;
					};
				};
			};
			buildConfigurationList = 8A75EF3A271B37E6008859AB /* Build configuration list for PBXProject "MyFirstApp" */;
			compatibilityVersion = "Xcode 9.3";
			developmentRegion = en;
			hasScannedForEncodings = 0;
			knownRegions = (
				en,
				Base,
			);
			mainGroup = 8A75EF36271B37E6008859AB;
			productRefGroup = 8A75EF40271B37E7008859AB /* Products */;
			projectDirPath = "";
			projectRoot = "";
			targets = (
				8A75EF3E271B37E7008859AB /* MyFirstApp */,
				8A75EF54271B37E8008859AB /* MyFirstAppTests */,
				8A75EF5F271B37E8008859AB /* MyFirstAppUITests */,
			);
		};
/* End PBXProject section */

/* Begin PBXResourcesBuildPhase section */
		8A75EF3D271B37E7008859AB /* Resources */ = {
			isa = PBXResourcesBuildPhase;
			buildActionMask = 2147483647;
			files = (
				8A75EF4F271B37E8008859AB /* LaunchScreen.storyboard in Resources */,
				8A75EF4C271B37E8008859AB /* Assets.xcassets in Resources */,
				8A75EF4A271B37E7008859AB /* Main.storyboard in Resources */,
			);
			runOnlyForDeploymentPostprocessing = 0;
		};
		8A75EF53271B37E8008859AB /* Resources */ = {
			isa = PBXResourcesBuildPhase;
			buildActionMask = 2147483647;
			files = (
			);
			runOnlyForDeploymentPostprocessing = 0;
		};
		8A75EF5E271B37E8008859AB /* Resources */ = {
			isa = PBXResourcesBuildPhase;
			buildActionMask = 2147483647;
			files = (
			);
			runOnlyForDeploymentPostprocessing = 0;
		};
/* End PBXResourcesBuildPhase section */

/* Begin PBXSourcesBuildPhase section */
		8A75EF3B271B37E7008859AB /* Sources */ = {
			isa = PBXSourcesBuildPhase;
			buildActionMask = 2147483647;
			files = (
				8A75EF47271B37E7008859AB /* ViewController.swift in Sources */,
				8A75EF43271B37E7008859AB /* AppDelegate.swift in Sources */,
				8A75EF45271B37E7008859AB /* SceneDelegate.swift in Sources */,
			);
			runOnlyForDeploymentPostprocessing = 0;
		};
		8A75EF51271B37E8008859AB /* Sources */ = {
			isa = PBXSourcesBuildPhase;
			buildActionMask = 2147483647;
			files = (
				8A75EF5A271B37E8008859AB /* MyFirstAppTests.swift in Sources */,
			);
			runOnlyForDeploymentPostprocessing = 0;
		};
		8A75EF5C271B37E8008859AB /* Sources */ = {
			isa = PBXSourcesBuildPhase;
			buildActionMask = 2147483647;
			files = (
				8A75EF65271B37E8008859AB /* MyFirstAppUITests.swift in Sources */,
			);
			runOnlyForDeploymentPostprocessing = 0;
		};
/* End PBXSourcesBuildPhase section */

/* Begin PBXTargetDependency section */
		8A75EF57271B37E8008859AB /* PBXTargetDependency */ = {
			isa = PBXTargetDependency;
			target = 8A75EF3E271B37E7008859AB /* MyFirstApp */;
			targetProxy = 8A75EF56271B37E8008859AB /* PBXContainerItemProxy */;
		};
		8A75EF62271B37E8008859AB /* PBXTargetDependency */ = {
			isa = PBXTargetDependency;
			target = 8A75EF3E271B37E7008859AB /* MyFirstApp */;
			targetProxy = 8A75EF61271B37E8008859AB /* PBXContainerItemProxy */;
		};
/* End PBXTargetDependency section */

/* Begin PBXVariantGroup section */
		8A75EF48271B37E7008859AB /* Main.storyboard */ = {
			isa = PBXVariantGroup;
			children = (
				8A75EF49271B37E7008859AB /* Base */,
			);
			name = Main.storyboard;
			sourceTree = "<group>";
		};
		8A75EF4D271B37E8008859AB /* LaunchScreen.storyboard */ = {
			isa = PBXVariantGroup;
			children = (
				8A75EF4E271B37E8008859AB /* Base */,
			);
			name = LaunchScreen.storyboard;
			sourceTree = "<group>";
		};
/* End PBXVariantGroup section */

/* Begin XCBuildConfiguration section */
		8A75EF67271B37E8008859AB /* Debug */ = {
			isa = XCBuildConfiguration;
			buildSettings = {
				ALWAYS_SEARCH_USER_PATHS = NO;
				CLANG_ANALYZER_NONNULL = YES;
				CLANG_ANALYZER_NUMBER_OBJECT_CONVERSION = YES_AGGRESSIVE;
				CLANG_CXX_LANGUAGE_STANDARD = "gnu++14";
				CLANG_CXX_LIBRARY = "libc++";
				CLANG_ENABLE_MODULES = YES;
				CLANG_ENABLE_OBJC_ARC = YES;
				CLANG_ENABLE_OBJC_WEAK = YES;
				CLANG_WARN_BLOCK_CAPTURE_AUTORELEASING = YES;
				CLANG_WARN_BOOL_CONVERSION = YES;
				CLANG_WARN_COMMA = YES;
				CLANG_WARN_CONSTANT_CONVERSION = YES;
				CLANG_WARN_DEPRECATED_OBJC_IMPLEMENTATIONS = YES;
				CLANG_WARN_DIRECT_OBJC_ISA_USAGE = YES_ERROR;
				CLANG_WARN_DOCUMENTATION_COMMENTS = YES;
				CLANG_WARN_EMPTY_BODY = YES;
				CLANG_WARN_ENUM_CONVERSION = YES;
				CLANG_WARN_INFINITE_RECURSION = YES;
				CLANG_WARN_INT_CONVERSION = YES;
				CLANG_WARN_NON_LITERAL_NULL_CONVERSION = YES;
				CLANG_WARN_OBJC_IMPLICIT_RETAIN_SELF = YES;
				CLANG_WARN_OBJC_LITERAL_CONVERSION = YES;
				CLANG_WARN_OBJC_ROOT_CLASS = YES_ERROR;
				CLANG_WARN_QUOTED_INCLUDE_IN_FRAMEWORK_HEADER = YES;
				CLANG_WARN_RANGE_LOOP_ANALYSIS = YES;
				CLANG_WARN_STRICT_PROTOTYPES = YES;
				CLANG_WARN_SUSPICIOUS_MOVE = YES;
				CLANG_WARN_UNGUARDED_AVAILABILITY = YES_AGGRESSIVE;
				CLANG_WARN_UNREACHABLE_CODE = YES;
				CLANG_WARN__DUPLICATE_METHOD_MATCH = YES;
				COPY_PHASE_STRIP = NO;
				DEBUG_INFORMATION_FORMAT = dwarf;
				ENABLE_STRICT_OBJC_MSGSEND = YES;
				ENABLE_TESTABILITY = YES;
				GCC_C_LANGUAGE_STANDARD = gnu11;
				GCC_DYNAMIC_NO_PIC = NO;
				GCC_NO_COMMON_BLOCKS = YES;
				GCC_OPTIMIZATION_LEVEL = 0;
				GCC_PREPROCESSOR_DEFINITIONS = (
					"DEBUG=1",
					"$(inherited)",
				);
				GCC_WARN_64_TO_32_BIT_CONVERSION = YES;
				GCC_WARN_ABOUT_RETURN_TYPE = YES_ERROR;
				GCC_WARN_UNDECLARED_SELECTOR = YES;
				GCC_WARN_UNINITIALIZED_AUTOS = YES_AGGRESSIVE;
				GCC_WARN_UNUSED_FUNCTION = YES;
				GCC_WARN_UNUSED_VARIABLE = YES;
				IPHONEOS_DEPLOYMENT_TARGET = 14.5;
				MTL_ENABLE_DEBUG_INFO = INCLUDE_SOURCE;
				MTL_FAST_MATH = YES;
				ONLY_ACTIVE_ARCH = YES;
				SDKROOT = iphoneos;
				SWIFT_ACTIVE_COMPILATION_CONDITIONS = DEBUG;
				SWIFT_OPTIMIZATION_LEVEL = "-Onone";
			};
			name = Debug;
		};
		8A75EF68271B37E8008859AB /* Release */ = {
			isa = XCBuildConfiguration;
			buildSettings = {
				ALWAYS_SEARCH_USER_PATHS = NO;
				CLANG_ANALYZER_NONNULL = YES;
				CLANG_ANALYZER_NUMBER_OBJECT_CONVERSION = YES_AGGRESSIVE;
				CLANG_CXX_LANGUAGE_STANDARD = "gnu++14";
				CLANG_CXX_LIBRARY = "libc++";
				CLANG_ENABLE_MODULES = YES;
				CLANG_ENABLE_OBJC_ARC = YES;
				CLANG_ENABLE_OBJC_WEAK = YES;
				CLANG_WARN_BLOCK_CAPTURE_AUTORELEASING = YES;
				CLANG_WARN_BOOL_CONVERSION = YES;
				CLANG_WARN_COMMA = YES;
				CLANG_WARN_CONSTANT_CONVERSION = YES;
				CLANG_WARN_DEPRECATED_OBJC_IMPLEMENTATIONS = YES;
				CLANG_WARN_DIRECT_OBJC_ISA_USAGE = YES_ERROR;
				CLANG_WARN_DOCUMENTATION_COMMENTS = YES;
				CLANG_WARN_EMPTY_BODY = YES;
				CLANG_WARN_ENUM_CONVERSION = YES;
				CLANG_WARN_INFINITE_RECURSION = YES;
				CLANG_WARN_INT_CONVERSION = YES;
				CLANG_WARN_NON_LITERAL_NULL_CONVERSION = YES;
				CLANG_WARN_OBJC_IMPLICIT_RETAIN_SELF = YES;
				CLANG_WARN_OBJC_LITERAL_CONVERSION = YES;
				CLANG_WARN_OBJC_ROOT_CLASS = YES_ERROR;
				CLANG_WARN_QUOTED_INCLUDE_IN_FRAMEWORK_HEADER = YES;
				CLANG_WARN_RANGE_LOOP_ANALYSIS = YES;
				CLANG_WARN_STRICT_PROTOTYPES = YES;
				CLANG_WARN_SUSPICIOUS_MOVE = YES;
				CLANG_WARN_UNGUARDED_AVAILABILITY = YES_AGGRESSIVE;
				CLANG_WARN_UNREACHABLE_CODE = YES;
				CLANG_WARN__DUPLICATE_METHOD_MATCH = YES;
				COPY_PHASE_STRIP = NO;
				DEBUG_INFORMATION_FORMAT = "dwarf-with-dsym";
				ENABLE_NS_ASSERTIONS = NO;
				ENABLE_STRICT_OBJC_MSGSEND = YES;
				GCC_C_LANGUAGE_STANDARD = gnu11;
				GCC_NO_COMMON_BLOCKS = YES;
				GCC_WARN_64_TO_32_BIT_CONVERSION = YES;
				GCC_WARN_ABOUT_RETURN_TYPE = YES_ERROR;
				GCC_WARN_UNDECLARED_SELECTOR = YES;
				GCC_WARN_UNINITIALIZED_AUTOS = YES_AGGRESSIVE;
				GCC_WARN_UNUSED_FUNCTION = YES;
				GCC_WARN_UNUSED_VARIABLE = YES;
				IPHONEOS_DEPLOYMENT_TARGET = 14.5;
				MTL_ENABLE_DEBUG_INFO = NO;
				MTL_FAST_MATH = YES;
				SDKROOT = iphoneos;
				SWIFT_COMPILATION_MODE = wholemodule;
				SWIFT_OPTIMIZATION_LEVEL = "-O";
				VALIDATE_PRODUCT = YES;
			};
			name = Release;
		};
		8A75EF6A271B37E8008859AB /* Debug */ = {
			isa = XCBuildConfiguration;
			buildSettings = {
				ASSETCATALOG_COMPILER_APPICON_NAME = AppIcon;
				ASSETCATALOG_COMPILER_GLOBAL_ACCENT_COLOR_NAME = AccentColor;
				CODE_SIGN_STYLE = Automatic;
				INFOPLIST_FILE = MyFirstApp/Info.plist;
				LD_RUNPATH_SEARCH_PATHS = (
					"$(inherited)",
					"@executable_path/Frameworks",
				);
				PRODUCT_BUNDLE_IDENTIFIER = com.ersancetin.MyFirstApp;
				PRODUCT_NAME = "$(TARGET_NAME)";
				SWIFT_VERSION = 5.0;
				TARGETED_DEVICE_FAMILY = "1,2";
			};
			name = Debug;
		};
		8A75EF6B271B37E8008859AB /* Release */ = {
			isa = XCBuildConfiguration;
			buildSettings = {
				ASSETCATALOG_COMPILER_APPICON_NAME = AppIcon;
				ASSETCATALOG_COMPILER_GLOBAL_ACCENT_COLOR_NAME = AccentColor;
				CODE_SIGN_STYLE = Automatic;
				INFOPLIST_FILE = MyFirstApp/Info.plist;
				LD_RUNPATH_SEARCH_PATHS = (
					"$(inherited)",
					"@executable_path/Frameworks",
				);
				PRODUCT_BUNDLE_IDENTIFIER = com.ersancetin.MyFirstApp;
				PRODUCT_NAME = "$(TARGET_NAME)";
				SWIFT_VERSION = 5.0;
				TARGETED_DEVICE_FAMILY = "1,2";
			};
			name = Release;
		};
		8A75EF6D271B37E8008859AB /* Debug */ = {
			isa = XCBuildConfiguration;
			buildSettings = {
				ALWAYS_EMBED_SWIFT_STANDARD_LIBRARIES = YES;
				BUNDLE_LOADER = "$(TEST_HOST)";
				CODE_SIGN_STYLE = Automatic;
				INFOPLIST_FILE = MyFirstAppTests/Info.plist;
				IPHONEOS_DEPLOYMENT_TARGET = 14.5;
				LD_RUNPATH_SEARCH_PATHS = (
					"$(inherited)",
					"@executable_path/Frameworks",
					"@loader_path/Frameworks",
				);
				PRODUCT_BUNDLE_IDENTIFIER = com.ersancetin.MyFirstAppTests;
				PRODUCT_NAME = "$(TARGET_NAME)";
				SWIFT_VERSION = 5.0;
				TARGETED_DEVICE_FAMILY = "1,2";
				TEST_HOST = "$(BUILT_PRODUCTS_DIR)/MyFirstApp.app/MyFirstApp";
			};
			name = Debug;
		};
		8A75EF6E271B37E8008859AB /* Release */ = {
			isa = XCBuildConfiguration;
			buildSettings = {
				ALWAYS_EMBED_SWIFT_STANDARD_LIBRARIES = YES;
				BUNDLE_LOADER = "$(TEST_HOST)";
				CODE_SIGN_STYLE = Automatic;
				INFOPLIST_FILE = MyFirstAppTests/Info.plist;
				IPHONEOS_DEPLOYMENT_TARGET = 14.5;
				LD_RUNPATH_SEARCH_PATHS = (
					"$(inherited)",
					"@executable_path/Frameworks",
					"@loader_path/Frameworks",
				);
				PRODUCT_BUNDLE_IDENTIFIER = com.ersancetin.MyFirstAppTests;
				PRODUCT_NAME = "$(TARGET_NAME)";
				SWIFT_VERSION = 5.0;
				TARGETED_DEVICE_FAMILY = "1,2";
				TEST_HOST = "$(BUILT_PRODUCTS_DIR)/MyFirstApp.app/MyFirstApp";
			};
			name = Release;
		};
		8A75EF70271B37E8008859AB /* Debug */ = {
			isa = XCBuildConfiguration;
			buildSettings = {
				ALWAYS_EMBED_SWIFT_STANDARD_LIBRARIES = YES;
				CODE_SIGN_STYLE = Automatic;
				INFOPLIST_FILE = MyFirstAppUITests/Info.plist;
				LD_RUNPATH_SEARCH_PATHS = (
					"$(inherited)",
					"@executable_path/Frameworks",
					"@loader_path/Frameworks",
				);
				PRODUCT_BUNDLE_IDENTIFIER = com.ersancetin.MyFirstAppUITests;
				PRODUCT_NAME = "$(TARGET_NAME)";
				SWIFT_VERSION = 5.0;
				TARGETED_DEVICE_FAMILY = "1,2";
				TEST_TARGET_NAME = MyFirstApp;
			};
			name = Debug;
		};
		8A75EF71271B37E8008859AB /* Release */ = {
			isa = XCBuildConfiguration;
			buildSettings = {
				ALWAYS_EMBED_SWIFT_STANDARD_LIBRARIES = YES;
				CODE_SIGN_STYLE = Automatic;
				INFOPLIST_FILE = MyFirstAppUITests/Info.plist;
				LD_RUNPATH_SEARCH_PATHS = (
					"$(inherited)",
					"@executable_path/Frameworks",
					"@loader_path/Frameworks",
				);
				PRODUCT_BUNDLE_IDENTIFIER = com.ersancetin.MyFirstAppUITests;
				PRODUCT_NAME = "$(TARGET_NAME)";
				SWIFT_VERSION = 5.0;
				TARGETED_DEVICE_FAMILY = "1,2";
				TEST_TARGET_NAME = MyFirstApp;
			};
			name = Release;
		};
/* End XCBuildConfiguration section */

/* Begin XCConfigurationList section */
		8A75EF3A271B37E6008859AB /* Build configuration list for PBXProject "MyFirstApp" */ = {
			isa = XCConfigurationList;
			buildConfigurations = (
				8A75EF67271B37E8008859AB /* Debug */,
				8A75EF68271B37E8008859AB /* Release */,
			);
			defaultConfigurationIsVisible = 0;
			defaultConfigurationName = Release;
		};
		8A75EF69271B37E8008859AB /* Build configuration list for PBXNativeTarget "MyFirstApp" */ = {
			isa = XCConfigurationList;
			buildConfigurations = (
				8A75EF6A271B37E8008859AB /* Debug */,
				8A75EF6B271B37E8008859AB /* Release */,
			);
			defaultConfigurationIsVisible = 0;
			defaultConfigurationName = Release;
		};
		8A75EF6C271B37E8008859AB /* Build configuration list for PBXNativeTarget "MyFirstAppTests" */ = {
			isa = XCConfigurationList;
			buildConfigurations = (
				8A75EF6D271B37E8008859AB /* Debug */,
				8A75EF6E271B37E8008859AB /* Release */,
			);
			defaultConfigurationIsVisible = 0;
			defaultConfigurationName = Release;
		};
		8A75EF6F271B37E8008859AB /* Build configuration list for PBXNativeTarget "MyFirstAppUITests" */ = {
			isa = XCConfigurationList;
			buildConfigurations = (
				8A75EF70271B37E8008859AB /* Debug */,
				8A75EF71271B37E8008859AB /* Release */,
			);
			defaultConfigurationIsVisible = 0;
			defaultConfigurationName = Release;
		};
/* End XCConfigurationList section */
	};
	rootObject = 8A75EF37271B37E6008859AB /* Project object */;
}
