// !$*UTF8*$!
{
	archiveVersion = 1;
	classes = {
	};
	objectVersion = 50;
	objects = {

/* Begin PBXBuildFile section */
		8AAB1886271E0A2100592814 /* AppDelegate.swift in Sources */ = {isa = PBXBuildFile; fileRef = 8AAB1885271E0A2100592814 /* AppDelegate.swift */; };
		8AAB1888271E0A2100592814 /* SceneDelegate.swift in Sources */ = {isa = PBXBuildFile; fileRef = 8AAB1887271E0A2100592814 /* SceneDelegate.swift */; };
		8AAB188A271E0A2100592814 /* ViewController.swift in Sources */ = {isa = PBXBuildFile; fileRef = 8AAB1889271E0A2100592814 /* ViewController.swift */; };
		8AAB188D271E0A2100592814 /* Main.storyboard in Resources */ = {isa = PBXBuildFile; fileRef = 8AAB188B271E0A2100592814 /* Main.storyboard */; };
		8AAB188F271E0A2300592814 /* Assets.xcassets in Resources */ = {isa = PBXBuildFile; fileRef = 8AAB188E271E0A2300592814 /* Assets.xcassets */; };
		8AAB1892271E0A2300592814 /* LaunchScreen.storyboard in Resources */ = {isa = PBXBuildFile; fileRef = 8AAB1890271E0A2300592814 /* LaunchScreen.storyboard */; };
		8AAB189D271E0A2300592814 /* SegueAppTests.swift in Sources */ = {isa = PBXBuildFile; fileRef = 8AAB189C271E0A2300592814 /* SegueAppTests.swift */; };
		8AAB18A8271E0A2300592814 /* SegueAppUITests.swift in Sources */ = {isa = PBXBuildFile; fileRef = 8AAB18A7271E0A2300592814 /* SegueAppUITests.swift */; };
		8AAB18B6271E0A8500592814 /* SecondViewController.swift in Sources */ = {isa = PBXBuildFile; fileRef = 8AAB18B5271E0A8500592814 /* SecondViewController.swift */; };
/* End PBXBuildFile section */

/* Begin PBXContainerItemProxy section */
		8AAB1899271E0A2300592814 /* PBXContainerItemProxy */ = {
			isa = PBXContainerItemProxy;
			containerPortal = 8AAB187A271E0A2100592814 /* Project object */;
			proxyType = 1;
			remoteGlobalIDString = 8AAB1881271E0A2100592814;
			remoteInfo = SegueApp;
		};
		8AAB18A4271E0A2300592814 /* PBXContainerItemProxy */ = {
			isa = PBXContainerItemProxy;
			containerPortal = 8AAB187A271E0A2100592814 /* Project object */;
			proxyType = 1;
			remoteGlobalIDString = 8AAB1881271E0A2100592814;
			remoteInfo = SegueApp;
		};
/* End PBXContainerItemProxy section */

/* Begin PBXFileReference section */
		8AAB1882271E0A2100592814 /* SegueApp.app */ = {isa = PBXFileReference; explicitFileType = wrapper.application; includeInIndex = 0; path = SegueApp.app; sourceTree = BUILT_PRODUCTS_DIR; };
		8AAB1885271E0A2100592814 /* AppDelegate.swift */ = {isa = PBXFileReference; lastKnownFileType = sourcecode.swift; path = AppDelegate.swift; sourceTree = "<group>"; };
		8AAB1887271E0A2100592814 /* SceneDelegate.swift */ = {isa = PBXFileReference; lastKnownFileType = sourcecode.swift; path = SceneDelegate.swift; sourceTree = "<group>"; };
		8AAB1889271E0A2100592814 /* ViewController.swift */ = {isa = PBXFileReference; lastKnownFileType = sourcecode.swift; path = ViewController.swift; sourceTree = "<group>"; };
		8AAB188C271E0A2100592814 /* Base */ = {isa = PBXFileReference; lastKnownFileType = file.storyboard; name = Base; path = Base.lproj/Main.storyboard; sourceTree = "<group>"; };
		8AAB188E271E0A2300592814 /* Assets.xcassets */ = {isa = PBXFileReference; lastKnownFileType = folder.assetcatalog; path = Assets.xcassets; sourceTree = "<group>"; };
		8AAB1891271E0A2300592814 /* Base */ = {isa = PBXFileReference; lastKnownFileType = file.storyboard; name = Base; path = Base.lproj/LaunchScreen.storyboard; sourceTree = "<group>"; };
		8AAB1893271E0A2300592814 /* Info.plist */ = {isa = PBXFileReference; lastKnownFileType = text.plist.xml; path = Info.plist; sourceTree = "<group>"; };
		8AAB1898271E0A2300592814 /* SegueAppTests.xctest */ = {isa = PBXFileReference; explicitFileType = wrapper.cfbundle; includeInIndex = 0; path = SegueAppTests.xctest; sourceTree = BUILT_PRODUCTS_DIR; };
		8AAB189C271E0A2300592814 /* SegueAppTests.swift */ = {isa = PBXFileReference; lastKnownFileType = sourcecode.swift; path = SegueAppTests.swift; sourceTree = "<group>"; };
		8AAB189E271E0A2300592814 /* Info.plist */ = {isa = PBXFileReference; lastKnownFileType = text.plist.xml; path = Info.plist; sourceTree = "<group>"; };
		8AAB18A3271E0A2300592814 /* SegueAppUITests.xctest */ = {isa = PBXFileReference; explicitFileType = wrapper.cfbundle; includeInIndex = 0; path = SegueAppUITests.xctest; sourceTree = BUILT_PRODUCTS_DIR; };
		8AAB18A7271E0A2300592814 /* SegueAppUITests.swift */ = {isa = PBXFileReference; lastKnownFileType = sourcecode.swift; path = SegueAppUITests.swift; sourceTree = "<group>"; };
		8AAB18A9271E0A2300592814 /* Info.plist */ = {isa = PBXFileReference; lastKnownFileType = text.plist.xml; path = Info.plist; sourceTree = "<group>"; };
		8AAB18B5271E0A8500592814 /* SecondViewController.swift */ = {isa = PBXFileReference; lastKnownFileType = sourcecode.swift; path = SecondViewController.swift; sourceTree = "<group>"; };
/* End PBXFileReference section */

/* Begin PBXFrameworksBuildPhase section */
		8AAB187F271E0A2100592814 /* Frameworks */ = {
			isa = PBXFrameworksBuildPhase;
			buildActionMask = 2147483647;
			files = (
			);
			runOnlyForDeploymentPostprocessing = 0;
		};
		8AAB1895271E0A2300592814 /* Frameworks */ = {
			isa = PBXFrameworksBuildPhase;
			buildActionMask = 2147483647;
			files = (
			);
			runOnlyForDeploymentPostprocessing = 0;
		};
		8AAB18A0271E0A2300592814 /* Frameworks */ = {
			isa = PBXFrameworksBuildPhase;
			buildActionMask = 2147483647;
			files = (
			);
			runOnlyForDeploymentPostprocessing = 0;
		};
/* End PBXFrameworksBuildPhase section */

/* Begin PBXGroup section */
		8AAB1879271E0A2100592814 = {
			isa = PBXGroup;
			children = (
				8AAB1884271E0A2100592814 /* SegueApp */,
				8AAB189B271E0A2300592814 /* SegueAppTests */,
				8AAB18A6271E0A2300592814 /* SegueAppUITests */,
				8AAB1883271E0A2100592814 /* Products */,
			);
			sourceTree = "<group>";
		};
		8AAB1883271E0A2100592814 /* Products */ = {
			isa = PBXGroup;
			children = (
				8AAB1882271E0A2100592814 /* SegueApp.app */,
				8AAB1898271E0A2300592814 /* SegueAppTests.xctest */,
				8AAB18A3271E0A2300592814 /* SegueAppUITests.xctest */,
			);
			name = Products;
			sourceTree = "<group>";
		};
		8AAB1884271E0A2100592814 /* SegueApp */ = {
			isa = PBXGroup;
			children = (
				8AAB1885271E0A2100592814 /* AppDelegate.swift */,
				8AAB1887271E0A2100592814 /* SceneDelegate.swift */,
				8AAB1889271E0A2100592814 /* ViewController.swift */,
				8AAB188B271E0A2100592814 /* Main.storyboard */,
				8AAB188E271E0A2300592814 /* Assets.xcassets */,
				8AAB1890271E0A2300592814 /* LaunchScreen.storyboard */,
				8AAB1893271E0A2300592814 /* Info.plist */,
				8AAB18B5271E0A8500592814 /* SecondViewController.swift */,
			);
			path = SegueApp;
			sourceTree = "<group>";
		};
		8AAB189B271E0A2300592814 /* SegueAppTests */ = {
			isa = PBXGroup;
			children = (
				8AAB189C271E0A2300592814 /* SegueAppTests.swift */,
				8AAB189E271E0A2300592814 /* Info.plist */,
			);
			path = SegueAppTests;
			sourceTree = "<group>";
		};
		8AAB18A6271E0A2300592814 /* SegueAppUITests */ = {
			isa = PBXGroup;
			children = (
				8AAB18A7271E0A2300592814 /* SegueAppUITests.swift */,
				8AAB18A9271E0A2300592814 /* Info.plist */,
			);
			path = SegueAppUITests;
			sourceTree = "<group>";
		};
/* End PBXGroup section */

/* Begin PBXNativeTarget section */
		8AAB1881271E0A2100592814 /* SegueApp */ = {
			isa = PBXNativeTarget;
			buildConfigurationList = 8AAB18AC271E0A2300592814 /* Build configuration list for PBXNativeTarget "SegueApp" */;
			buildPhases = (
				8AAB187E271E0A2100592814 /* Sources */,
				8AAB187F271E0A2100592814 /* Frameworks */,
				8AAB1880271E0A2100592814 /* Resources */,
			);
			buildRules = (
			);
			dependencies = (
			);
			name = SegueApp;
			productName = SegueApp;
			productReference = 8AAB1882271E0A2100592814 /* SegueApp.app */;
			productType = "com.apple.product-type.application";
		};
		8AAB1897271E0A2300592814 /* SegueAppTests */ = {
			isa = PBXNativeTarget;
			buildConfigurationList = 8AAB18AF271E0A2300592814 /* Build configuration list for PBXNativeTarget "SegueAppTests" */;
			buildPhases = (
				8AAB1894271E0A2300592814 /* Sources */,
				8AAB1895271E0A2300592814 /* Frameworks */,
				8AAB1896271E0A2300592814 /* Resources */,
			);
			buildRules = (
			);
			dependencies = (
				8AAB189A271E0A2300592814 /* PBXTargetDependency */,
			);
			name = SegueAppTests;
			productName = SegueAppTests;
			productReference = 8AAB1898271E0A2300592814 /* SegueAppTests.xctest */;
			productType = "com.apple.product-type.bundle.unit-test";
		};
		8AAB18A2271E0A2300592814 /* SegueAppUITests */ = {
			isa = PBXNativeTarget;
			buildConfigurationList = 8AAB18B2271E0A2300592814 /* Build configuration list for PBXNativeTarget "SegueAppUITests" */;
			buildPhases = (
				8AAB189F271E0A2300592814 /* Sources */,
				8AAB18A0271E0A2300592814 /* Frameworks */,
				8AAB18A1271E0A2300592814 /* Resources */,
			);
			buildRules = (
			);
			dependencies = (
				8AAB18A5271E0A2300592814 /* PBXTargetDependency */,
			);
			name = SegueAppUITests;
			productName = SegueAppUITests;
			productReference = 8AAB18A3271E0A2300592814 /* SegueAppUITests.xctest */;
			productType = "com.apple.product-type.bundle.ui-testing";
		};
/* End PBXNativeTarget section */

/* Begin PBXProject section */
		8AAB187A271E0A2100592814 /* Project object */ = {
			isa = PBXProject;
			attributes = {
				LastSwiftUpdateCheck = 1250;
				LastUpgradeCheck = 1250;
				TargetAttributes = {
					8AAB1881271E0A2100592814 = {
						CreatedOnToolsVersion = 12.5.1;
					};
					8AAB1897271E0A2300592814 = {
						CreatedOnToolsVersion = 12.5.1;
						TestTargetID = 8AAB1881271E0A2100592814;
					};
					8AAB18A2271E0A2300592814 = {
						CreatedOnToolsVersion = 12.5.1;
						TestTargetID = 8AAB1881271E0A2100592814;
					};
				};
			};
			buildConfigurationList = 8AAB187D271E0A2100592814 /* Build configuration list for PBXProject "SegueApp" */;
			compatibilityVersion = "Xcode 9.3";
			developmentRegion = en;
			hasScannedForEncodings = 0;
			knownRegions = (
				en,
				Base,
			);
			mainGroup = 8AAB1879271E0A2100592814;
			productRefGroup = 8AAB1883271E0A2100592814 /* Products */;
			projectDirPath = "";
			projectRoot = "";
			targets = (
				8AAB1881271E0A2100592814 /* SegueApp */,
				8AAB1897271E0A2300592814 /* SegueAppTests */,
				8AAB18A2271E0A2300592814 /* SegueAppUITests */,
			);
		};
/* End PBXProject section */

/* Begin PBXResourcesBuildPhase section */
		8AAB1880271E0A2100592814 /* Resources */ = {
			isa = PBXResourcesBuildPhase;
			buildActionMask = 2147483647;
			files = (
				8AAB1892271E0A2300592814 /* LaunchScreen.storyboard in Resources */,
				8AAB188F271E0A2300592814 /* Assets.xcassets in Resources */,
				8AAB188D271E0A2100592814 /* Main.storyboard in Resources */,
			);
			runOnlyForDeploymentPostprocessing = 0;
		};
		8AAB1896271E0A2300592814 /* Resources */ = {
			isa = PBXResourcesBuildPhase;
			buildActionMask = 2147483647;
			files = (
			);
			runOnlyForDeploymentPostprocessing = 0;
		};
		8AAB18A1271E0A2300592814 /* Resources */ = {
			isa = PBXResourcesBuildPhase;
			buildActionMask = 2147483647;
			files = (
			);
			runOnlyForDeploymentPostprocessing = 0;
		};
/* End PBXResourcesBuildPhase section */

/* Begin PBXSourcesBuildPhase section */
		8AAB187E271E0A2100592814 /* Sources */ = {
			isa = PBXSourcesBuildPhase;
			buildActionMask = 2147483647;
			files = (
				8AAB18B6271E0A8500592814 /* SecondViewController.swift in Sources */,
				8AAB188A271E0A2100592814 /* ViewController.swift in Sources */,
				8AAB1886271E0A2100592814 /* AppDelegate.swift in Sources */,
				8AAB1888271E0A2100592814 /* SceneDelegate.swift in Sources */,
			);
			runOnlyForDeploymentPostprocessing = 0;
		};
		8AAB1894271E0A2300592814 /* Sources */ = {
			isa = PBXSourcesBuildPhase;
			buildActionMask = 2147483647;
			files = (
				8AAB189D271E0A2300592814 /* SegueAppTests.swift in Sources */,
			);
			runOnlyForDeploymentPostprocessing = 0;
		};
		8AAB189F271E0A2300592814 /* Sources */ = {
			isa = PBXSourcesBuildPhase;
			buildActionMask = 2147483647;
			files = (
				8AAB18A8271E0A2300592814 /* SegueAppUITests.swift in Sources */,
			);
			runOnlyForDeploymentPostprocessing = 0;
		};
/* End PBXSourcesBuildPhase section */

/* Begin PBXTargetDependency section */
		8AAB189A271E0A2300592814 /* PBXTargetDependency */ = {
			isa = PBXTargetDependency;
			target = 8AAB1881271E0A2100592814 /* SegueApp */;
			targetProxy = 8AAB1899271E0A2300592814 /* PBXContainerItemProxy */;
		};
		8AAB18A5271E0A2300592814 /* PBXTargetDependency */ = {
			isa = PBXTargetDependency;
			target = 8AAB1881271E0A2100592814 /* SegueApp */;
			targetProxy = 8AAB18A4271E0A2300592814 /* PBXContainerItemProxy */;
		};
/* End PBXTargetDependency section */

/* Begin PBXVariantGroup section */
		8AAB188B271E0A2100592814 /* Main.storyboard */ = {
			isa = PBXVariantGroup;
			children = (
				8AAB188C271E0A2100592814 /* Base */,
			);
			name = Main.storyboard;
			sourceTree = "<group>";
		};
		8AAB1890271E0A2300592814 /* LaunchScreen.storyboard */ = {
			isa = PBXVariantGroup;
			children = (
				8AAB1891271E0A2300592814 /* Base */,
			);
			name = LaunchScreen.storyboard;
			sourceTree = "<group>";
		};
/* End PBXVariantGroup section */

/* Begin XCBuildConfiguration section */
		8AAB18AA271E0A2300592814 /* Debug */ = {
			isa = XCBuildConfiguration;
			buildSettings = {
				ALWAYS_SEARCH_USER_PATHS = NO;
				CLANG_ANALYZER_NONNULL = YES;
				CLANG_ANALYZER_NUMBER_OBJECT_CONVERSION = YES_AGGRESSIVE;
				CLANG_CXX_LANGUAGE_STANDARD = "gnu++14";
				CLANG_CXX_LIBRARY = "libc++";
				CLANG_ENABLE_MODULES = YES;
				CLANG_ENABLE_OBJC_ARC = YES;
				CLANG_ENABLE_OBJC_WEAK = YES;
				CLANG_WARN_BLOCK_CAPTURE_AUTORELEASING = YES;
				CLANG_WARN_BOOL_CONVERSION = YES;
				CLANG_WARN_COMMA = YES;
				CLANG_WARN_CONSTANT_CONVERSION = YES;
				CLANG_WARN_DEPRECATED_OBJC_IMPLEMENTATIONS = YES;
				CLANG_WARN_DIRECT_OBJC_ISA_USAGE = YES_ERROR;
				CLANG_WARN_DOCUMENTATION_COMMENTS = YES;
				CLANG_WARN_EMPTY_BODY = YES;
				CLANG_WARN_ENUM_CONVERSION = YES;
				CLANG_WARN_INFINITE_RECURSION = YES;
				CLANG_WARN_INT_CONVERSION = YES;
				CLANG_WARN_NON_LITERAL_NULL_CONVERSION = YES;
				CLANG_WARN_OBJC_IMPLICIT_RETAIN_SELF = YES;
				CLANG_WARN_OBJC_LITERAL_CONVERSION = YES;
				CLANG_WARN_OBJC_ROOT_CLASS = YES_ERROR;
				CLANG_WARN_QUOTED_INCLUDE_IN_FRAMEWORK_HEADER = YES;
				CLANG_WARN_RANGE_LOOP_ANALYSIS = YES;
				CLANG_WARN_STRICT_PROTOTYPES = YES;
				CLANG_WARN_SUSPICIOUS_MOVE = YES;
				CLANG_WARN_UNGUARDED_AVAILABILITY = YES_AGGRESSIVE;
				CLANG_WARN_UNREACHABLE_CODE = YES;
				CLANG_WARN__DUPLICATE_METHOD_MATCH = YES;
				COPY_PHASE_STRIP = NO;
				DEBUG_INFORMATION_FORMAT = dwarf;
				ENABLE_STRICT_OBJC_MSGSEND = YES;
				ENABLE_TESTABILITY = YES;
				GCC_C_LANGUAGE_STANDARD = gnu11;
				GCC_DYNAMIC_NO_PIC = NO;
				GCC_NO_COMMON_BLOCKS = YES;
				GCC_OPTIMIZATION_LEVEL = 0;
				GCC_PREPROCESSOR_DEFINITIONS = (
					"DEBUG=1",
					"$(inherited)",
				);
				GCC_WARN_64_TO_32_BIT_CONVERSION = YES;
				GCC_WARN_ABOUT_RETURN_TYPE = YES_ERROR;
				GCC_WARN_UNDECLARED_SELECTOR = YES;
				GCC_WARN_UNINITIALIZED_AUTOS = YES_AGGRESSIVE;
				GCC_WARN_UNUSED_FUNCTION = YES;
				GCC_WARN_UNUSED_VARIABLE = YES;
				IPHONEOS_DEPLOYMENT_TARGET = 14.5;
				MTL_ENABLE_DEBUG_INFO = INCLUDE_SOURCE;
				MTL_FAST_MATH = YES;
				ONLY_ACTIVE_ARCH = YES;
				SDKROOT = iphoneos;
				SWIFT_ACTIVE_COMPILATION_CONDITIONS = DEBUG;
				SWIFT_OPTIMIZATION_LEVEL = "-Onone";
			};
			name = Debug;
		};
		8AAB18AB271E0A2300592814 /* Release */ = {
			isa = XCBuildConfiguration;
			buildSettings = {
				ALWAYS_SEARCH_USER_PATHS = NO;
				CLANG_ANALYZER_NONNULL = YES;
				CLANG_ANALYZER_NUMBER_OBJECT_CONVERSION = YES_AGGRESSIVE;
				CLANG_CXX_LANGUAGE_STANDARD = "gnu++14";
				CLANG_CXX_LIBRARY = "libc++";
				CLANG_ENABLE_MODULES = YES;
				CLANG_ENABLE_OBJC_ARC = YES;
				CLANG_ENABLE_OBJC_WEAK = YES;
				CLANG_WARN_BLOCK_CAPTURE_AUTORELEASING = YES;
				CLANG_WARN_BOOL_CONVERSION = YES;
				CLANG_WARN_COMMA = YES;
				CLANG_WARN_CONSTANT_CONVERSION = YES;
				CLANG_WARN_DEPRECATED_OBJC_IMPLEMENTATIONS = YES;
				CLANG_WARN_DIRECT_OBJC_ISA_USAGE = YES_ERROR;
				CLANG_WARN_DOCUMENTATION_COMMENTS = YES;
				CLANG_WARN_EMPTY_BODY = YES;
				CLANG_WARN_ENUM_CONVERSION = YES;
				CLANG_WARN_INFINITE_RECURSION = YES;
				CLANG_WARN_INT_CONVERSION = YES;
				CLANG_WARN_NON_LITERAL_NULL_CONVERSION = YES;
				CLANG_WARN_OBJC_IMPLICIT_RETAIN_SELF = YES;
				CLANG_WARN_OBJC_LITERAL_CONVERSION = YES;
				CLANG_WARN_OBJC_ROOT_CLASS = YES_ERROR;
				CLANG_WARN_QUOTED_INCLUDE_IN_FRAMEWORK_HEADER = YES;
				CLANG_WARN_RANGE_LOOP_ANALYSIS = YES;
				CLANG_WARN_STRICT_PROTOTYPES = YES;
				CLANG_WARN_SUSPICIOUS_MOVE = YES;
				CLANG_WARN_UNGUARDED_AVAILABILITY = YES_AGGRESSIVE;
				CLANG_WARN_UNREACHABLE_CODE = YES;
				CLANG_WARN__DUPLICATE_METHOD_MATCH = YES;
				COPY_PHASE_STRIP = NO;
				DEBUG_INFORMATION_FORMAT = "dwarf-with-dsym";
				ENABLE_NS_ASSERTIONS = NO;
				ENABLE_STRICT_OBJC_MSGSEND = YES;
				GCC_C_LANGUAGE_STANDARD = gnu11;
				GCC_NO_COMMON_BLOCKS = YES;
				GCC_WARN_64_TO_32_BIT_CONVERSION = YES;
				GCC_WARN_ABOUT_RETURN_TYPE = YES_ERROR;
				GCC_WARN_UNDECLARED_SELECTOR = YES;
				GCC_WARN_UNINITIALIZED_AUTOS = YES_AGGRESSIVE;
				GCC_WARN_UNUSED_FUNCTION = YES;
				GCC_WARN_UNUSED_VARIABLE = YES;
				IPHONEOS_DEPLOYMENT_TARGET = 14.5;
				MTL_ENABLE_DEBUG_INFO = NO;
				MTL_FAST_MATH = YES;
				SDKROOT = iphoneos;
				SWIFT_COMPILATION_MODE = wholemodule;
				SWIFT_OPTIMIZATION_LEVEL = "-O";
				VALIDATE_PRODUCT = YES;
			};
			name = Release;
		};
		8AAB18AD271E0A2300592814 /* Debug */ = {
			isa = XCBuildConfiguration;
			buildSettings = {
				ASSETCATALOG_COMPILER_APPICON_NAME = AppIcon;
				ASSETCATALOG_COMPILER_GLOBAL_ACCENT_COLOR_NAME = AccentColor;
				CODE_SIGN_STYLE = Automatic;
				INFOPLIST_FILE = SegueApp/Info.plist;
				LD_RUNPATH_SEARCH_PATHS = (
					"$(inherited)",
					"@executable_path/Frameworks",
				);
				PRODUCT_BUNDLE_IDENTIFIER = com.ersancetin.SegueApp;
				PRODUCT_NAME = "$(TARGET_NAME)";
				SWIFT_VERSION = 5.0;
				TARGETED_DEVICE_FAMILY = "1,2";
			};
			name = Debug;
		};
		8AAB18AE271E0A2300592814 /* Release */ = {
			isa = XCBuildConfiguration;
			buildSettings = {
				ASSETCATALOG_COMPILER_APPICON_NAME = AppIcon;
				ASSETCATALOG_COMPILER_GLOBAL_ACCENT_COLOR_NAME = AccentColor;
				CODE_SIGN_STYLE = Automatic;
				INFOPLIST_FILE = SegueApp/Info.plist;
				LD_RUNPATH_SEARCH_PATHS = (
					"$(inherited)",
					"@executable_path/Frameworks",
				);
				PRODUCT_BUNDLE_IDENTIFIER = com.ersancetin.SegueApp;
				PRODUCT_NAME = "$(TARGET_NAME)";
				SWIFT_VERSION = 5.0;
				TARGETED_DEVICE_FAMILY = "1,2";
			};
			name = Release;
		};
		8AAB18B0271E0A2300592814 /* Debug */ = {
			isa = XCBuildConfiguration;
			buildSettings = {
				ALWAYS_EMBED_SWIFT_STANDARD_LIBRARIES = YES;
				BUNDLE_LOADER = "$(TEST_HOST)";
				CODE_SIGN_STYLE = Automatic;
				INFOPLIST_FILE = SegueAppTests/Info.plist;
				IPHONEOS_DEPLOYMENT_TARGET = 14.5;
				LD_RUNPATH_SEARCH_PATHS = (
					"$(inherited)",
					"@executable_path/Frameworks",
					"@loader_path/Frameworks",
				);
				PRODUCT_BUNDLE_IDENTIFIER = com.ersancetin.SegueAppTests;
				PRODUCT_NAME = "$(TARGET_NAME)";
				SWIFT_VERSION = 5.0;
				TARGETED_DEVICE_FAMILY = "1,2";
				TEST_HOST = "$(BUILT_PRODUCTS_DIR)/SegueApp.app/SegueApp";
			};
			name = Debug;
		};
		8AAB18B1271E0A2300592814 /* Release */ = {
			isa = XCBuildConfiguration;
			buildSettings = {
				ALWAYS_EMBED_SWIFT_STANDARD_LIBRARIES = YES;
				BUNDLE_LOADER = "$(TEST_HOST)";
				CODE_SIGN_STYLE = Automatic;
				INFOPLIST_FILE = SegueAppTests/Info.plist;
				IPHONEOS_DEPLOYMENT_TARGET = 14.5;
				LD_RUNPATH_SEARCH_PATHS = (
					"$(inherited)",
					"@executable_path/Frameworks",
					"@loader_path/Frameworks",
				);
				PRODUCT_BUNDLE_IDENTIFIER = com.ersancetin.SegueAppTests;
				PRODUCT_NAME = "$(TARGET_NAME)";
				SWIFT_VERSION = 5.0;
				TARGETED_DEVICE_FAMILY = "1,2";
				TEST_HOST = "$(BUILT_PRODUCTS_DIR)/SegueApp.app/SegueApp";
			};
			name = Release;
		};
		8AAB18B3271E0A2300592814 /* Debug */ = {
			isa = XCBuildConfiguration;
			buildSettings = {
				ALWAYS_EMBED_SWIFT_STANDARD_LIBRARIES = YES;
				CODE_SIGN_STYLE = Automatic;
				INFOPLIST_FILE = SegueAppUITests/Info.plist;
				LD_RUNPATH_SEARCH_PATHS = (
					"$(inherited)",
					"@executable_path/Frameworks",
					"@loader_path/Frameworks",
				);
				PRODUCT_BUNDLE_IDENTIFIER = com.ersancetin.SegueAppUITests;
				PRODUCT_NAME = "$(TARGET_NAME)";
				SWIFT_VERSION = 5.0;
				TARGETED_DEVICE_FAMILY = "1,2";
				TEST_TARGET_NAME = SegueApp;
			};
			name = Debug;
		};
		8AAB18B4271E0A2300592814 /* Release */ = {
			isa = XCBuildConfiguration;
			buildSettings = {
				ALWAYS_EMBED_SWIFT_STANDARD_LIBRARIES = YES;
				CODE_SIGN_STYLE = Automatic;
				INFOPLIST_FILE = SegueAppUITests/Info.plist;
				LD_RUNPATH_SEARCH_PATHS = (
					"$(inherited)",
					"@executable_path/Frameworks",
					"@loader_path/Frameworks",
				);
				PRODUCT_BUNDLE_IDENTIFIER = com.ersancetin.SegueAppUITests;
				PRODUCT_NAME = "$(TARGET_NAME)";
				SWIFT_VERSION = 5.0;
				TARGETED_DEVICE_FAMILY = "1,2";
				TEST_TARGET_NAME = SegueApp;
			};
			name = Release;
		};
/* End XCBuildConfiguration section */

/* Begin XCConfigurationList section */
		8AAB187D271E0A2100592814 /* Build configuration list for PBXProject "SegueApp" */ = {
			isa = XCConfigurationList;
			buildConfigurations = (
				8AAB18AA271E0A2300592814 /* Debug */,
				8AAB18AB271E0A2300592814 /* Release */,
			);
			defaultConfigurationIsVisible = 0;
			defaultConfigurationName = Release;
		};
		8AAB18AC271E0A2300592814 /* Build configuration list for PBXNativeTarget "SegueApp" */ = {
			isa = XCConfigurationList;
			buildConfigurations = (
				8AAB18AD271E0A2300592814 /* Debug */,
				8AAB18AE271E0A2300592814 /* Release */,
			);
			defaultConfigurationIsVisible = 0;
			defaultConfigurationName = Release;
		};
		8AAB18AF271E0A2300592814 /* Build configuration list for PBXNativeTarget "SegueAppTests" */ = {
			isa = XCConfigurationList;
			buildConfigurations = (
				8AAB18B0271E0A2300592814 /* Debug */,
				8AAB18B1271E0A2300592814 /* Release */,
			);
			defaultConfigurationIsVisible = 0;
			defaultConfigurationName = Release;
		};
		8AAB18B2271E0A2300592814 /* Build configuration list for PBXNativeTarget "SegueAppUITests" */ = {
			isa = XCConfigurationList;
			buildConfigurations = (
				8AAB18B3271E0A2300592814 /* Debug */,
				8AAB18B4271E0A2300592814 /* Release */,
			);
			defaultConfigurationIsVisible = 0;
			defaultConfigurationName = Release;
		};
/* End XCConfigurationList section */
	};
	rootObject = 8AAB187A271E0A2100592814 /* Project object */;
}
